
Microsoft Visual Studio Solution File, Format Version 12.00
# Visual Studio 15
VisualStudioVersion = 15.0.27703.2000
MinimumVisualStudioVersion = 10.0.40219.1
Project("{8BC9CEB8-8B4A-11D0-8D11-00A0C91BC942}") = "lecture", "lecture\lecture.vcxproj", "{99CA2E67-1708-4FB3-AC46-D08554EC4AED}"
EndProject
Global
	GlobalSection(SolutionConfigurationPlatforms) = preSolution
		Debug|x64 = Debug|x64
		Debug|x86 = Debug|x86
		Release|x64 = Release|x64
		Release|x86 = Release|x86
	EndGlobalSection
	GlobalSection(ProjectConfigurationPlatforms) = postSolution
		{99CA2E67-1708-4FB3-AC46-D08554EC4AED}.Debug|x64.ActiveCfg = Debug|x64
		{99CA2E67-1708-4FB3-AC46-D08554EC4AED}.Debug|x64.Build.0 = Debug|x64
		{99CA2E67-1708-4FB3-AC46-D08554EC4AED}.Debug|x86.ActiveCfg = Debug|Win32
		{99CA2E67-1708-4FB3-AC46-D08554EC4AED}.Debug|x86.Build.0 = Debug|Win32
		{99CA2E67-1708-4FB3-AC46-D08554EC4AED}.Release|x64.ActiveCfg = Release|x64
		{99CA2E67-1708-4FB3-AC46-D08554EC4AED}.Release|x64.Build.0 = Release|x64
		{99CA2E67-1708-4FB3-AC46-D08554EC4AED}.Release|x86.ActiveCfg = Release|Win32
		{99CA2E67-1708-4FB3-AC46-D08554EC4AED}.Release|x86.Build.0 = Release|Win32
	EndGlobalSection
	GlobalSection(SolutionProperties) = preSolution
		HideSolutionNode = FALSE
	EndGlobalSection
	GlobalSection(ExtensibilityGlobals) = postSolution
		SolutionGuid = {192ECA55-1AAD-4150-BB8D-C20B92F429C9}
	EndGlobalSection
EndGlobal
